// !$*UTF8*$!
{
	archiveVersion = 1;
	classes = {
	};
	objectVersion = 50;
	objects = {

/* Begin PBXBuildFile section */
		81FEC543252CB20B0089E7C3 /* AppDelegate.swift in Sources */ = {isa = PBXBuildFile; fileRef = 81FEC542252CB20B0089E7C3 /* AppDelegate.swift */; };
		81FEC545252CB20B0089E7C3 /* SceneDelegate.swift in Sources */ = {isa = PBXBuildFile; fileRef = 81FEC544252CB20B0089E7C3 /* SceneDelegate.swift */; };
		81FEC547252CB20B0089E7C3 /* ViewController.swift in Sources */ = {isa = PBXBuildFile; fileRef = 81FEC546252CB20B0089E7C3 /* ViewController.swift */; };
		81FEC54A252CB20B0089E7C3 /* Main.storyboard in Resources */ = {isa = PBXBuildFile; fileRef = 81FEC548252CB20B0089E7C3 /* Main.storyboard */; };
		81FEC54C252CB20C0089E7C3 /* Assets.xcassets in Resources */ = {isa = PBXBuildFile; fileRef = 81FEC54B252CB20C0089E7C3 /* Assets.xcassets */; };
		81FEC54F252CB20C0089E7C3 /* LaunchScreen.storyboard in Resources */ = {isa = PBXBuildFile; fileRef = 81FEC54D252CB20C0089E7C3 /* LaunchScreen.storyboard */; };
		81FEC55A252CB20C0089E7C3 /* TestSQLQueryTests.swift in Sources */ = {isa = PBXBuildFile; fileRef = 81FEC559252CB20C0089E7C3 /* TestSQLQueryTests.swift */; };
		81FEC565252CB20C0089E7C3 /* TestSQLQueryUITests.swift in Sources */ = {isa = PBXBuildFile; fileRef = 81FEC564252CB20C0089E7C3 /* TestSQLQueryUITests.swift */; };
/* End PBXBuildFile section */

/* Begin PBXContainerItemProxy section */
		81FEC556252CB20C0089E7C3 /* PBXContainerItemProxy */ = {
			isa = PBXContainerItemProxy;
			containerPortal = 81FEC537252CB20B0089E7C3 /* Project object */;
			proxyType = 1;
			remoteGlobalIDString = 81FEC53E252CB20B0089E7C3;
			remoteInfo = TestSQLQuery;
		};
		81FEC561252CB20C0089E7C3 /* PBXContainerItemProxy */ = {
			isa = PBXContainerItemProxy;
			containerPortal = 81FEC537252CB20B0089E7C3 /* Project object */;
			proxyType = 1;
			remoteGlobalIDString = 81FEC53E252CB20B0089E7C3;
			remoteInfo = TestSQLQuery;
		};
/* End PBXContainerItemProxy section */

/* Begin PBXFileReference section */
		81FEC53F252CB20B0089E7C3 /* TestSQLQuery.app */ = {isa = PBXFileReference; explicitFileType = wrapper.application; includeInIndex = 0; path = TestSQLQuery.app; sourceTree = BUILT_PRODUCTS_DIR; };
		81FEC542252CB20B0089E7C3 /* AppDelegate.swift */ = {isa = PBXFileReference; lastKnownFileType = sourcecode.swift; path = AppDelegate.swift; sourceTree = "<group>"; };
		81FEC544252CB20B0089E7C3 /* SceneDelegate.swift */ = {isa = PBXFileReference; lastKnownFileType = sourcecode.swift; path = SceneDelegate.swift; sourceTree = "<group>"; };
		81FEC546252CB20B0089E7C3 /* ViewController.swift */ = {isa = PBXFileReference; lastKnownFileType = sourcecode.swift; path = ViewController.swift; sourceTree = "<group>"; };
		81FEC549252CB20B0089E7C3 /* Base */ = {isa = PBXFileReference; lastKnownFileType = file.storyboard; name = Base; path = Base.lproj/Main.storyboard; sourceTree = "<group>"; };
		81FEC54B252CB20C0089E7C3 /* Assets.xcassets */ = {isa = PBXFileReference; lastKnownFileType = folder.assetcatalog; path = Assets.xcassets; sourceTree = "<group>"; };
		81FEC54E252CB20C0089E7C3 /* Base */ = {isa = PBXFileReference; lastKnownFileType = file.storyboard; name = Base; path = Base.lproj/LaunchScreen.storyboard; sourceTree = "<group>"; };
		81FEC550252CB20C0089E7C3 /* Info.plist */ = {isa = PBXFileReference; lastKnownFileType = text.plist.xml; path = Info.plist; sourceTree = "<group>"; };
		81FEC555252CB20C0089E7C3 /* TestSQLQueryTests.xctest */ = {isa = PBXFileReference; explicitFileType = wrapper.cfbundle; includeInIndex = 0; path = TestSQLQueryTests.xctest; sourceTree = BUILT_PRODUCTS_DIR; };
		81FEC559252CB20C0089E7C3 /* TestSQLQueryTests.swift */ = {isa = PBXFileReference; lastKnownFileType = sourcecode.swift; path = TestSQLQueryTests.swift; sourceTree = "<group>"; };
		81FEC55B252CB20C0089E7C3 /* Info.plist */ = {isa = PBXFileReference; lastKnownFileType = text.plist.xml; path = Info.plist; sourceTree = "<group>"; };
		81FEC560252CB20C0089E7C3 /* TestSQLQueryUITests.xctest */ = {isa = PBXFileReference; explicitFileType = wrapper.cfbundle; includeInIndex = 0; path = TestSQLQueryUITests.xctest; sourceTree = BUILT_PRODUCTS_DIR; };
		81FEC564252CB20C0089E7C3 /* TestSQLQueryUITests.swift */ = {isa = PBXFileReference; lastKnownFileType = sourcecode.swift; path = TestSQLQueryUITests.swift; sourceTree = "<group>"; };
		81FEC566252CB20C0089E7C3 /* Info.plist */ = {isa = PBXFileReference; lastKnownFileType = text.plist.xml; path = Info.plist; sourceTree = "<group>"; };
/* End PBXFileReference section */

/* Begin PBXFrameworksBuildPhase section */
		81FEC53C252CB20B0089E7C3 /* Frameworks */ = {
			isa = PBXFrameworksBuildPhase;
			buildActionMask = 2147483647;
			files = (
			);
			runOnlyForDeploymentPostprocessing = 0;
		};
		81FEC552252CB20C0089E7C3 /* Frameworks */ = {
			isa = PBXFrameworksBuildPhase;
			buildActionMask = 2147483647;
			files = (
			);
			runOnlyForDeploymentPostprocessing = 0;
		};
		81FEC55D252CB20C0089E7C3 /* Frameworks */ = {
			isa = PBXFrameworksBuildPhase;
			buildActionMask = 2147483647;
			files = (
			);
			runOnlyForDeploymentPostprocessing = 0;
		};
/* End PBXFrameworksBuildPhase section */

/* Begin PBXGroup section */
		81FEC536252CB20B0089E7C3 = {
			isa = PBXGroup;
			children = (
				81FEC541252CB20B0089E7C3 /* TestSQLQuery */,
				81FEC558252CB20C0089E7C3 /* TestSQLQueryTests */,
				81FEC563252CB20C0089E7C3 /* TestSQLQueryUITests */,
				81FEC540252CB20B0089E7C3 /* Products */,
			);
			sourceTree = "<group>";
		};
		81FEC540252CB20B0089E7C3 /* Products */ = {
			isa = PBXGroup;
			children = (
				81FEC53F252CB20B0089E7C3 /* TestSQLQuery.app */,
				81FEC555252CB20C0089E7C3 /* TestSQLQueryTests.xctest */,
				81FEC560252CB20C0089E7C3 /* TestSQLQueryUITests.xctest */,
			);
			name = Products;
			sourceTree = "<group>";
		};
		81FEC541252CB20B0089E7C3 /* TestSQLQuery */ = {
			isa = PBXGroup;
			children = (
				81FEC542252CB20B0089E7C3 /* AppDelegate.swift */,
				81FEC544252CB20B0089E7C3 /* SceneDelegate.swift */,
				81FEC546252CB20B0089E7C3 /* ViewController.swift */,
				81FEC548252CB20B0089E7C3 /* Main.storyboard */,
				81FEC54B252CB20C0089E7C3 /* Assets.xcassets */,
				81FEC54D252CB20C0089E7C3 /* LaunchScreen.storyboard */,
				81FEC550252CB20C0089E7C3 /* Info.plist */,
			);
			path = TestSQLQuery;
			sourceTree = "<group>";
		};
		81FEC558252CB20C0089E7C3 /* TestSQLQueryTests */ = {
			isa = PBXGroup;
			children = (
				81FEC559252CB20C0089E7C3 /* TestSQLQueryTests.swift */,
				81FEC55B252CB20C0089E7C3 /* Info.plist */,
			);
			path = TestSQLQueryTests;
			sourceTree = "<group>";
		};
		81FEC563252CB20C0089E7C3 /* TestSQLQueryUITests */ = {
			isa = PBXGroup;
			children = (
				81FEC564252CB20C0089E7C3 /* TestSQLQueryUITests.swift */,
				81FEC566252CB20C0089E7C3 /* Info.plist */,
			);
			path = TestSQLQueryUITests;
			sourceTree = "<group>";
		};
/* End PBXGroup section */

/* Begin PBXNativeTarget section */
		81FEC53E252CB20B0089E7C3 /* TestSQLQuery */ = {
			isa = PBXNativeTarget;
			buildConfigurationList = 81FEC569252CB20C0089E7C3 /* Build configuration list for PBXNativeTarget "TestSQLQuery" */;
			buildPhases = (
				81FEC53B252CB20B0089E7C3 /* Sources */,
				81FEC53C252CB20B0089E7C3 /* Frameworks */,
				81FEC53D252CB20B0089E7C3 /* Resources */,
			);
			buildRules = (
			);
			dependencies = (
			);
			name = TestSQLQuery;
			productName = TestSQLQuery;
			productReference = 81FEC53F252CB20B0089E7C3 /* TestSQLQuery.app */;
			productType = "com.apple.product-type.application";
		};
		81FEC554252CB20C0089E7C3 /* TestSQLQueryTests */ = {
			isa = PBXNativeTarget;
			buildConfigurationList = 81FEC56C252CB20C0089E7C3 /* Build configuration list for PBXNativeTarget "TestSQLQueryTests" */;
			buildPhases = (
				81FEC551252CB20C0089E7C3 /* Sources */,
				81FEC552252CB20C0089E7C3 /* Frameworks */,
				81FEC553252CB20C0089E7C3 /* Resources */,
			);
			buildRules = (
			);
			dependencies = (
				81FEC557252CB20C0089E7C3 /* PBXTargetDependency */,
			);
			name = TestSQLQueryTests;
			productName = TestSQLQueryTests;
			productReference = 81FEC555252CB20C0089E7C3 /* TestSQLQueryTests.xctest */;
			productType = "com.apple.product-type.bundle.unit-test";
		};
		81FEC55F252CB20C0089E7C3 /* TestSQLQueryUITests */ = {
			isa = PBXNativeTarget;
			buildConfigurationList = 81FEC56F252CB20C0089E7C3 /* Build configuration list for PBXNativeTarget "TestSQLQueryUITests" */;
			buildPhases = (
				81FEC55C252CB20C0089E7C3 /* Sources */,
				81FEC55D252CB20C0089E7C3 /* Frameworks */,
				81FEC55E252CB20C0089E7C3 /* Resources */,
			);
			buildRules = (
			);
			dependencies = (
				81FEC562252CB20C0089E7C3 /* PBXTargetDependency */,
			);
			name = TestSQLQueryUITests;
			productName = TestSQLQueryUITests;
			productReference = 81FEC560252CB20C0089E7C3 /* TestSQLQueryUITests.xctest */;
			productType = "com.apple.product-type.bundle.ui-testing";
		};
/* End PBXNativeTarget section */

/* Begin PBXProject section */
		81FEC537252CB20B0089E7C3 /* Project object */ = {
			isa = PBXProject;
			attributes = {
				LastSwiftUpdateCheck = 1200;
				LastUpgradeCheck = 1200;
				TargetAttributes = {
					81FEC53E252CB20B0089E7C3 = {
						CreatedOnToolsVersion = 12.0.1;
					};
					81FEC554252CB20C0089E7C3 = {
						CreatedOnToolsVersion = 12.0.1;
						TestTargetID = 81FEC53E252CB20B0089E7C3;
					};
					81FEC55F252CB20C0089E7C3 = {
						CreatedOnToolsVersion = 12.0.1;
						TestTargetID = 81FEC53E252CB20B0089E7C3;
					};
				};
			};
			buildConfigurationList = 81FEC53A252CB20B0089E7C3 /* Build configuration list for PBXProject "TestSQLQuery" */;
			compatibilityVersion = "Xcode 9.3";
			developmentRegion = en;
			hasScannedForEncodings = 0;
			knownRegions = (
				en,
				Base,
			);
			mainGroup = 81FEC536252CB20B0089E7C3;
			productRefGroup = 81FEC540252CB20B0089E7C3 /* Products */;
			projectDirPath = "";
			projectRoot = "";
			targets = (
				81FEC53E252CB20B0089E7C3 /* TestSQLQuery */,
				81FEC554252CB20C0089E7C3 /* TestSQLQueryTests */,
				81FEC55F252CB20C0089E7C3 /* TestSQLQueryUITests */,
			);
		};
/* End PBXProject section */

/* Begin PBXResourcesBuildPhase section */
		81FEC53D252CB20B0089E7C3 /* Resources */ = {
			isa = PBXResourcesBuildPhase;
			buildActionMask = 2147483647;
			files = (
				81FEC54F252CB20C0089E7C3 /* LaunchScreen.storyboard in Resources */,
				81FEC54C252CB20C0089E7C3 /* Assets.xcassets in Resources */,
				81FEC54A252CB20B0089E7C3 /* Main.storyboard in Resources */,
			);
			runOnlyForDeploymentPostprocessing = 0;
		};
		81FEC553252CB20C0089E7C3 /* Resources */ = {
			isa = PBXResourcesBuildPhase;
			buildActionMask = 2147483647;
			files = (
			);
			runOnlyForDeploymentPostprocessing = 0;
		};
		81FEC55E252CB20C0089E7C3 /* Resources */ = {
			isa = PBXResourcesBuildPhase;
			buildActionMask = 2147483647;
			files = (
			);
			runOnlyForDeploymentPostprocessing = 0;
		};
/* End PBXResourcesBuildPhase section */

/* Begin PBXSourcesBuildPhase section */
		81FEC53B252CB20B0089E7C3 /* Sources */ = {
			isa = PBXSourcesBuildPhase;
			buildActionMask = 2147483647;
			files = (
				81FEC547252CB20B0089E7C3 /* ViewController.swift in Sources */,
				81FEC543252CB20B0089E7C3 /* AppDelegate.swift in Sources */,
				81FEC545252CB20B0089E7C3 /* SceneDelegate.swift in Sources */,
			);
			runOnlyForDeploymentPostprocessing = 0;
		};
		81FEC551252CB20C0089E7C3 /* Sources */ = {
			isa = PBXSourcesBuildPhase;
			buildActionMask = 2147483647;
			files = (
				81FEC55A252CB20C0089E7C3 /* TestSQLQueryTests.swift in Sources */,
			);
			runOnlyForDeploymentPostprocessing = 0;
		};
		81FEC55C252CB20C0089E7C3 /* Sources */ = {
			isa = PBXSourcesBuildPhase;
			buildActionMask = 2147483647;
			files = (
				81FEC565252CB20C0089E7C3 /* TestSQLQueryUITests.swift in Sources */,
			);
			runOnlyForDeploymentPostprocessing = 0;
		};
/* End PBXSourcesBuildPhase section */

/* Begin PBXTargetDependency section */
		81FEC557252CB20C0089E7C3 /* PBXTargetDependency */ = {
			isa = PBXTargetDependency;
			target = 81FEC53E252CB20B0089E7C3 /* TestSQLQuery */;
			targetProxy = 81FEC556252CB20C0089E7C3 /* PBXContainerItemProxy */;
		};
		81FEC562252CB20C0089E7C3 /* PBXTargetDependency */ = {
			isa = PBXTargetDependency;
			target = 81FEC53E252CB20B0089E7C3 /* TestSQLQuery */;
			targetProxy = 81FEC561252CB20C0089E7C3 /* PBXContainerItemProxy */;
		};
/* End PBXTargetDependency section */

/* Begin PBXVariantGroup section */
		81FEC548252CB20B0089E7C3 /* Main.storyboard */ = {
			isa = PBXVariantGroup;
			children = (
				81FEC549252CB20B0089E7C3 /* Base */,
			);
			name = Main.storyboard;
			sourceTree = "<group>";
		};
		81FEC54D252CB20C0089E7C3 /* LaunchScreen.storyboard */ = {
			isa = PBXVariantGroup;
			children = (
				81FEC54E252CB20C0089E7C3 /* Base */,
			);
			name = LaunchScreen.storyboard;
			sourceTree = "<group>";
		};
/* End PBXVariantGroup section */

/* Begin XCBuildConfiguration section */
		81FEC567252CB20C0089E7C3 /* Debug */ = {
			isa = XCBuildConfiguration;
			buildSettings = {
				ALWAYS_SEARCH_USER_PATHS = NO;
				CLANG_ANALYZER_NONNULL = YES;
				CLANG_ANALYZER_NUMBER_OBJECT_CONVERSION = YES_AGGRESSIVE;
				CLANG_CXX_LANGUAGE_STANDARD = "gnu++14";
				CLANG_CXX_LIBRARY = "libc++";
				CLANG_ENABLE_MODULES = YES;
				CLANG_ENABLE_OBJC_ARC = YES;
				CLANG_ENABLE_OBJC_WEAK = YES;
				CLANG_WARN_BLOCK_CAPTURE_AUTORELEASING = YES;
				CLANG_WARN_BOOL_CONVERSION = YES;
				CLANG_WARN_COMMA = YES;
				CLANG_WARN_CONSTANT_CONVERSION = YES;
				CLANG_WARN_DEPRECATED_OBJC_IMPLEMENTATIONS = YES;
				CLANG_WARN_DIRECT_OBJC_ISA_USAGE = YES_ERROR;
				CLANG_WARN_DOCUMENTATION_COMMENTS = YES;
				CLANG_WARN_EMPTY_BODY = YES;
				CLANG_WARN_ENUM_CONVERSION = YES;
				CLANG_WARN_INFINITE_RECURSION = YES;
				CLANG_WARN_INT_CONVERSION = YES;
				CLANG_WARN_NON_LITERAL_NULL_CONVERSION = YES;
				CLANG_WARN_OBJC_IMPLICIT_RETAIN_SELF = YES;
				CLANG_WARN_OBJC_LITERAL_CONVERSION = YES;
				CLANG_WARN_OBJC_ROOT_CLASS = YES_ERROR;
				CLANG_WARN_QUOTED_INCLUDE_IN_FRAMEWORK_HEADER = YES;
				CLANG_WARN_RANGE_LOOP_ANALYSIS = YES;
				CLANG_WARN_STRICT_PROTOTYPES = YES;
				CLANG_WARN_SUSPICIOUS_MOVE = YES;
				CLANG_WARN_UNGUARDED_AVAILABILITY = YES_AGGRESSIVE;
				CLANG_WARN_UNREACHABLE_CODE = YES;
				CLANG_WARN__DUPLICATE_METHOD_MATCH = YES;
				COPY_PHASE_STRIP = NO;
				DEBUG_INFORMATION_FORMAT = dwarf;
				ENABLE_STRICT_OBJC_MSGSEND = YES;
				ENABLE_TESTABILITY = YES;
				GCC_C_LANGUAGE_STANDARD = gnu11;
				GCC_DYNAMIC_NO_PIC = NO;
				GCC_NO_COMMON_BLOCKS = YES;
				GCC_OPTIMIZATION_LEVEL = 0;
				GCC_PREPROCESSOR_DEFINITIONS = (
					"DEBUG=1",
					"$(inherited)",
				);
				GCC_WARN_64_TO_32_BIT_CONVERSION = YES;
				GCC_WARN_ABOUT_RETURN_TYPE = YES_ERROR;
				GCC_WARN_UNDECLARED_SELECTOR = YES;
				GCC_WARN_UNINITIALIZED_AUTOS = YES_AGGRESSIVE;
				GCC_WARN_UNUSED_FUNCTION = YES;
				GCC_WARN_UNUSED_VARIABLE = YES;
				IPHONEOS_DEPLOYMENT_TARGET = 14.0;
				MTL_ENABLE_DEBUG_INFO = INCLUDE_SOURCE;
				MTL_FAST_MATH = YES;
				ONLY_ACTIVE_ARCH = YES;
				SDKROOT = iphoneos;
				SWIFT_ACTIVE_COMPILATION_CONDITIONS = DEBUG;
				SWIFT_OPTIMIZATION_LEVEL = "-Onone";
			};
			name = Debug;
		};
		81FEC568252CB20C0089E7C3 /* Release */ = {
			isa = XCBuildConfiguration;
			buildSettings = {
				ALWAYS_SEARCH_USER_PATHS = NO;
				CLANG_ANALYZER_NONNULL = YES;
				CLANG_ANALYZER_NUMBER_OBJECT_CONVERSION = YES_AGGRESSIVE;
				CLANG_CXX_LANGUAGE_STANDARD = "gnu++14";
				CLANG_CXX_LIBRARY = "libc++";
				CLANG_ENABLE_MODULES = YES;
				CLANG_ENABLE_OBJC_ARC = YES;
				CLANG_ENABLE_OBJC_WEAK = YES;
				CLANG_WARN_BLOCK_CAPTURE_AUTORELEASING = YES;
				CLANG_WARN_BOOL_CONVERSION = YES;
				CLANG_WARN_COMMA = YES;
				CLANG_WARN_CONSTANT_CONVERSION = YES;
				CLANG_WARN_DEPRECATED_OBJC_IMPLEMENTATIONS = YES;
				CLANG_WARN_DIRECT_OBJC_ISA_USAGE = YES_ERROR;
				CLANG_WARN_DOCUMENTATION_COMMENTS = YES;
				CLANG_WARN_EMPTY_BODY = YES;
				CLANG_WARN_ENUM_CONVERSION = YES;
				CLANG_WARN_INFINITE_RECURSION = YES;
				CLANG_WARN_INT_CONVERSION = YES;
				CLANG_WARN_NON_LITERAL_NULL_CONVERSION = YES;
				CLANG_WARN_OBJC_IMPLICIT_RETAIN_SELF = YES;
				CLANG_WARN_OBJC_LITERAL_CONVERSION = YES;
				CLANG_WARN_OBJC_ROOT_CLASS = YES_ERROR;
				CLANG_WARN_QUOTED_INCLUDE_IN_FRAMEWORK_HEADER = YES;
				CLANG_WARN_RANGE_LOOP_ANALYSIS = YES;
				CLANG_WARN_STRICT_PROTOTYPES = YES;
				CLANG_WARN_SUSPICIOUS_MOVE = YES;
				CLANG_WARN_UNGUARDED_AVAILABILITY = YES_AGGRESSIVE;
				CLANG_WARN_UNREACHABLE_CODE = YES;
				CLANG_WARN__DUPLICATE_METHOD_MATCH = YES;
				COPY_PHASE_STRIP = NO;
				DEBUG_INFORMATION_FORMAT = "dwarf-with-dsym";
				ENABLE_NS_ASSERTIONS = NO;
				ENABLE_STRICT_OBJC_MSGSEND = YES;
				GCC_C_LANGUAGE_STANDARD = gnu11;
				GCC_NO_COMMON_BLOCKS = YES;
				GCC_WARN_64_TO_32_BIT_CONVERSION = YES;
				GCC_WARN_ABOUT_RETURN_TYPE = YES_ERROR;
				GCC_WARN_UNDECLARED_SELECTOR = YES;
				GCC_WARN_UNINITIALIZED_AUTOS = YES_AGGRESSIVE;
				GCC_WARN_UNUSED_FUNCTION = YES;
				GCC_WARN_UNUSED_VARIABLE = YES;
				IPHONEOS_DEPLOYMENT_TARGET = 14.0;
				MTL_ENABLE_DEBUG_INFO = NO;
				MTL_FAST_MATH = YES;
				SDKROOT = iphoneos;
				SWIFT_COMPILATION_MODE = wholemodule;
				SWIFT_OPTIMIZATION_LEVEL = "-O";
				VALIDATE_PRODUCT = YES;
			};
			name = Release;
		};
		81FEC56A252CB20C0089E7C3 /* Debug */ = {
			isa = XCBuildConfiguration;
			buildSettings = {
				ASSETCATALOG_COMPILER_APPICON_NAME = AppIcon;
				ASSETCATALOG_COMPILER_GLOBAL_ACCENT_COLOR_NAME = AccentColor;
				CODE_SIGN_STYLE = Automatic;
				INFOPLIST_FILE = TestSQLQuery/Info.plist;
				LD_RUNPATH_SEARCH_PATHS = (
					"$(inherited)",
					"@executable_path/Frameworks",
				);
				PRODUCT_BUNDLE_IDENTIFIER = viniciusmesquita.TestSQLQuery;
				PRODUCT_NAME = "$(TARGET_NAME)";
				SWIFT_VERSION = 5.0;
				TARGETED_DEVICE_FAMILY = "1,2";
			};
			name = Debug;
		};
		81FEC56B252CB20C0089E7C3 /* Release */ = {
			isa = XCBuildConfiguration;
			buildSettings = {
				ASSETCATALOG_COMPILER_APPICON_NAME = AppIcon;
				ASSETCATALOG_COMPILER_GLOBAL_ACCENT_COLOR_NAME = AccentColor;
				CODE_SIGN_STYLE = Automatic;
				INFOPLIST_FILE = TestSQLQuery/Info.plist;
				LD_RUNPATH_SEARCH_PATHS = (
					"$(inherited)",
					"@executable_path/Frameworks",
				);
				PRODUCT_BUNDLE_IDENTIFIER = viniciusmesquita.TestSQLQuery;
				PRODUCT_NAME = "$(TARGET_NAME)";
				SWIFT_VERSION = 5.0;
				TARGETED_DEVICE_FAMILY = "1,2";
			};
			name = Release;
		};
		81FEC56D252CB20C0089E7C3 /* Debug */ = {
			isa = XCBuildConfiguration;
			buildSettings = {
				ALWAYS_EMBED_SWIFT_STANDARD_LIBRARIES = YES;
				BUNDLE_LOADER = "$(TEST_HOST)";
				CODE_SIGN_STYLE = Automatic;
				INFOPLIST_FILE = TestSQLQueryTests/Info.plist;
				IPHONEOS_DEPLOYMENT_TARGET = 14.0;
				LD_RUNPATH_SEARCH_PATHS = (
					"$(inherited)",
					"@executable_path/Frameworks",
					"@loader_path/Frameworks",
				);
				PRODUCT_BUNDLE_IDENTIFIER = viniciusmesquita.TestSQLQueryTests;
				PRODUCT_NAME = "$(TARGET_NAME)";
				SWIFT_VERSION = 5.0;
				TARGETED_DEVICE_FAMILY = "1,2";
				TEST_HOST = "$(BUILT_PRODUCTS_DIR)/TestSQLQuery.app/TestSQLQuery";
			};
			name = Debug;
		};
		81FEC56E252CB20C0089E7C3 /* Release */ = {
			isa = XCBuildConfiguration;
			buildSettings = {
				ALWAYS_EMBED_SWIFT_STANDARD_LIBRARIES = YES;
				BUNDLE_LOADER = "$(TEST_HOST)";
				CODE_SIGN_STYLE = Automatic;
				INFOPLIST_FILE = TestSQLQueryTests/Info.plist;
				IPHONEOS_DEPLOYMENT_TARGET = 14.0;
				LD_RUNPATH_SEARCH_PATHS = (
					"$(inherited)",
					"@executable_path/Frameworks",
					"@loader_path/Frameworks",
				);
				PRODUCT_BUNDLE_IDENTIFIER = viniciusmesquita.TestSQLQueryTests;
				PRODUCT_NAME = "$(TARGET_NAME)";
				SWIFT_VERSION = 5.0;
				TARGETED_DEVICE_FAMILY = "1,2";
				TEST_HOST = "$(BUILT_PRODUCTS_DIR)/TestSQLQuery.app/TestSQLQuery";
			};
			name = Release;
		};
		81FEC570252CB20C0089E7C3 /* Debug */ = {
			isa = XCBuildConfiguration;
			buildSettings = {
				ALWAYS_EMBED_SWIFT_STANDARD_LIBRARIES = YES;
				CODE_SIGN_STYLE = Automatic;
				INFOPLIST_FILE = TestSQLQueryUITests/Info.plist;
				LD_RUNPATH_SEARCH_PATHS = (
					"$(inherited)",
					"@executable_path/Frameworks",
					"@loader_path/Frameworks",
				);
				PRODUCT_BUNDLE_IDENTIFIER = viniciusmesquita.TestSQLQueryUITests;
				PRODUCT_NAME = "$(TARGET_NAME)";
				SWIFT_VERSION = 5.0;
				TARGETED_DEVICE_FAMILY = "1,2";
				TEST_TARGET_NAME = TestSQLQuery;
			};
			name = Debug;
		};
		81FEC571252CB20C0089E7C3 /* Release */ = {
			isa = XCBuildConfiguration;
			buildSettings = {
				ALWAYS_EMBED_SWIFT_STANDARD_LIBRARIES = YES;
				CODE_SIGN_STYLE = Automatic;
				INFOPLIST_FILE = TestSQLQueryUITests/Info.plist;
				LD_RUNPATH_SEARCH_PATHS = (
					"$(inherited)",
					"@executable_path/Frameworks",
					"@loader_path/Frameworks",
				);
				PRODUCT_BUNDLE_IDENTIFIER = viniciusmesquita.TestSQLQueryUITests;
				PRODUCT_NAME = "$(TARGET_NAME)";
				SWIFT_VERSION = 5.0;
				TARGETED_DEVICE_FAMILY = "1,2";
				TEST_TARGET_NAME = TestSQLQuery;
			};
			name = Release;
		};
/* End XCBuildConfiguration section */

/* Begin XCConfigurationList section */
		81FEC53A252CB20B0089E7C3 /* Build configuration list for PBXProject "TestSQLQuery" */ = {
			isa = XCConfigurationList;
			buildConfigurations = (
				81FEC567252CB20C0089E7C3 /* Debug */,
				81FEC568252CB20C0089E7C3 /* Release */,
			);
			defaultConfigurationIsVisible = 0;
			defaultConfigurationName = Release;
		};
		81FEC569252CB20C0089E7C3 /* Build configuration list for PBXNativeTarget "TestSQLQuery" */ = {
			isa = XCConfigurationList;
			buildConfigurations = (
				81FEC56A252CB20C0089E7C3 /* Debug */,
				81FEC56B252CB20C0089E7C3 /* Release */,
			);
			defaultConfigurationIsVisible = 0;
			defaultConfigurationName = Release;
		};
		81FEC56C252CB20C0089E7C3 /* Build configuration list for PBXNativeTarget "TestSQLQueryTests" */ = {
			isa = XCConfigurationList;
			buildConfigurations = (
				81FEC56D252CB20C0089E7C3 /* Debug */,
				81FEC56E252CB20C0089E7C3 /* Release */,
			);
			defaultConfigurationIsVisible = 0;
			defaultConfigurationName = Release;
		};
		81FEC56F252CB20C0089E7C3 /* Build configuration list for PBXNativeTarget "TestSQLQueryUITests" */ = {
			isa = XCConfigurationList;
			buildConfigurations = (
				81FEC570252CB20C0089E7C3 /* Debug */,
				81FEC571252CB20C0089E7C3 /* Release */,
			);
			defaultConfigurationIsVisible = 0;
			defaultConfigurationName = Release;
		};
/* End XCConfigurationList section */
	};
	rootObject = 81FEC537252CB20B0089E7C3 /* Project object */;
}
